
Microsoft Visual Studio Solution File, Format Version 12.00
Project("{FAE04EC0-301F-11D3-BF4B-00C04F79EFBC}") = "API", "API\API.csproj", "{58245DF8-F669-4437-A87A-80621DF77903}"
EndProject
Project("{FAE04EC0-301F-11D3-BF4B-00C04F79EFBC}") = "DAL", "DAL\DAL.csproj", "{01E875B4-4841-43F8-9429-D65EE6A2CE6F}"
EndProject
Project("{FAE04EC0-301F-11D3-BF4B-00C04F79EFBC}") = "BL", "BL\BL.csproj", "{CB1B3D67-971B-4248-9CC8-F6E87DFB7622}"
EndProject
Project("{FAE04EC0-301F-11D3-BF4B-00C04F79EFBC}") = "Domain", "Domain\Domain.csproj", "{98E434C9-D67F-44EF-B574-4EF92CD1FA2D}"
EndProject
Global
	GlobalSection(SolutionConfigurationPlatforms) = preSolution
		Debug|Any CPU = Debug|Any CPU
		Release|Any CPU = Release|Any CPU
	EndGlobalSection
	GlobalSection(ProjectConfigurationPlatforms) = postSolution
		{58245DF8-F669-4437-A87A-80621DF77903}.Debug|Any CPU.ActiveCfg = Debug|Any CPU
		{58245DF8-F669-4437-A87A-80621DF77903}.Debug|Any CPU.Build.0 = Debug|Any CPU
		{58245DF8-F669-4437-A87A-80621DF77903}.Release|Any CPU.ActiveCfg = Release|Any CPU
		{58245DF8-F669-4437-A87A-80621DF77903}.Release|Any CPU.Build.0 = Release|Any CPU
		{01E875B4-4841-43F8-9429-D65EE6A2CE6F}.Debug|Any CPU.ActiveCfg = Debug|Any CPU
		{01E875B4-4841-43F8-9429-D65EE6A2CE6F}.Debug|Any CPU.Build.0 = Debug|Any CPU
		{01E875B4-4841-43F8-9429-D65EE6A2CE6F}.Release|Any CPU.ActiveCfg = Release|Any CPU
		{01E875B4-4841-43F8-9429-D65EE6A2CE6F}.Release|Any CPU.Build.0 = Release|Any CPU
		{CB1B3D67-971B-4248-9CC8-F6E87DFB7622}.Debug|Any CPU.ActiveCfg = Debug|Any CPU
		{CB1B3D67-971B-4248-9CC8-F6E87DFB7622}.Debug|Any CPU.Build.0 = Debug|Any CPU
		{CB1B3D67-971B-4248-9CC8-F6E87DFB7622}.Release|Any CPU.ActiveCfg = Release|Any CPU
		{CB1B3D67-971B-4248-9CC8-F6E87DFB7622}.Release|Any CPU.Build.0 = Release|Any CPU
		{98E434C9-D67F-44EF-B574-4EF92CD1FA2D}.Debug|Any CPU.ActiveCfg = Debug|Any CPU
		{98E434C9-D67F-44EF-B574-4EF92CD1FA2D}.Debug|Any CPU.Build.0 = Debug|Any CPU
		{98E434C9-D67F-44EF-B574-4EF92CD1FA2D}.Release|Any CPU.ActiveCfg = Release|Any CPU
		{98E434C9-D67F-44EF-B574-4EF92CD1FA2D}.Release|Any CPU.Build.0 = Release|Any CPU
	EndGlobalSection
EndGlobal
